
Microsoft Visual Studio Solution File, Format Version 12.00
# Visual Studio Version 17
VisualStudioVersion = 17.13.35825.156 d17.13
MinimumVisualStudioVersion = 10.0.40219.1
Project("{FAE04EC0-301F-11D3-BF4B-00C04F79EFBC}") = "ProjetoPI", "ProjetoPI\ProjetoPI.csproj", "{BFC8C08C-6E5B-480C-994C-1BE08555E2C1}"
EndProject
Global
	GlobalSection(SolutionConfigurationPlatforms) = preSolution
		Debug|Any CPU = Debug|Any CPU
		Release|Any CPU = Release|Any CPU
	EndGlobalSection
	GlobalSection(ProjectConfigurationPlatforms) = postSolution
		{BFC8C08C-6E5B-480C-994C-1BE08555E2C1}.Debug|Any CPU.ActiveCfg = Debug|Any CPU
		{BFC8C08C-6E5B-480C-994C-1BE08555E2C1}.Debug|Any CPU.Build.0 = Debug|Any CPU
		{BFC8C08C-6E5B-480C-994C-1BE08555E2C1}.Release|Any CPU.ActiveCfg = Release|Any CPU
		{BFC8C08C-6E5B-480C-994C-1BE08555E2C1}.Release|Any CPU.Build.0 = Release|Any CPU
	EndGlobalSection
	GlobalSection(SolutionProperties) = preSolution
		HideSolutionNode = FALSE
	EndGlobalSection
	GlobalSection(ExtensibilityGlobals) = postSolution
		SolutionGuid = {DFFE9041-C7D2-4E91-BBA6-4E3865811A66}
	EndGlobalSection
EndGlobal
